Microsoft Visual Studio Solution File, Format Version 12.00
# Visual Studio 2012
Project("{FAE04EC0-301F-11D3-BF4B-00C04F79EFBC}") = "Casanova", "Casanova.csproj", "{532E9724-2748-4986-8E09-16FDE26288F4}"
EndProject
Global
	GlobalSection(SolutionConfigurationPlatforms) = preSolution
	Debug|Any CPU = Debug|Any CPU
	ExportDebug|Any CPU = ExportDebug|Any CPU
	ExportRelease|Any CPU = ExportRelease|Any CPU
	EndGlobalSection
	GlobalSection(ProjectConfigurationPlatforms) = postSolution
		{532E9724-2748-4986-8E09-16FDE26288F4}.Debug|Any CPU.ActiveCfg = Debug|Any CPU
		{532E9724-2748-4986-8E09-16FDE26288F4}.Debug|Any CPU.Build.0 = Debug|Any CPU
		{532E9724-2748-4986-8E09-16FDE26288F4}.ExportDebug|Any CPU.ActiveCfg = ExportDebug|Any CPU
		{532E9724-2748-4986-8E09-16FDE26288F4}.ExportDebug|Any CPU.Build.0 = ExportDebug|Any CPU
		{532E9724-2748-4986-8E09-16FDE26288F4}.ExportRelease|Any CPU.ActiveCfg = ExportRelease|Any CPU
		{532E9724-2748-4986-8E09-16FDE26288F4}.ExportRelease|Any CPU.Build.0 = ExportRelease|Any CPU
	EndGlobalSection
EndGlobal
